<?xml version="1.0" encoding="utf-8"?>
<Project ToolsVersion="4.0" xmlns="http://schemas.microsoft.com/developer/msbuild/2003">
  <ItemGroup>
    <Filter Include="源文件">
      <UniqueIdentifier>{4FC737F1-C7A5-4376-A066-2A32D752A2FF}</UniqueIdentifier>
      <Extensions>cpp;c;cc;cxx;def;odl;idl;hpj;bat;asm;asmx</Extensions>
    </Filter>
    <Filter Include="头文件">
      <UniqueIdentifier>{93995380-89BD-4b04-88EB-625FBE52EBFB}</UniqueIdentifier>
      <Extensions>h;hh;hpp;hxx;hm;inl;inc;xsd</Extensions>
    </Filter>
    <Filter Include="资源文件">
      <UniqueIdentifier>{67DA6AB6-F800-4c08-8B7A-83BB121AAD01}</UniqueIdentifier>
      <Extensions>rc;ico;cur;bmp;dlg;rc2;rct;bin;rgs;gif;jpg;jpeg;jpe;resx;tiff;tif;png;wav;mfcribbon-ms</Extensions>
    </Filter>
  </ItemGroup>
  <ItemGroup>
    <ClInclude Include="header.h">
      <Filter>头文件</Filter>
    </ClInclude>
  </ItemGroup>
  <ItemGroup>
    <ClCompile Include="main.cpp">
      <Filter>源文件</Filter>
    </ClCompile>
    <ClCompile Include="03.数组中重复的数字.cpp">
      <Filter>源文件</Filter>
    </ClCompile>
    <ClCompile Include="04.二维数组中的查找.cpp">
      <Filter>源文件</Filter>
    </ClCompile>
    <ClCompile Include="05.替换空格.cpp">
      <Filter>源文件</Filter>
    </ClCompile>
    <ClCompile Include="06.从尾到头打印链表.cpp">
      <Filter>源文件</Filter>
    </ClCompile>
    <ClCompile Include="07.重建二叉树.cpp">
      <Filter>源文件</Filter>
    </ClCompile>
    <ClCompile Include="09.用两个栈实现队列.cpp">
      <Filter>源文件</Filter>
    </ClCompile>
    <ClCompile Include="10.1斐波那契数列.cpp">
      <Filter>源文件</Filter>
    </ClCompile>
    <ClCompile Include="10.2青蛙跳台阶问题.cpp">
      <Filter>源文件</Filter>
    </ClCompile>
    <ClCompile Include="11.旋转数组的最小数字.cpp">
      <Filter>源文件</Filter>
    </ClCompile>
    <ClCompile Include="12.矩阵中的路径.cpp">
      <Filter>源文件</Filter>
    </ClCompile>
    <ClCompile Include="13.机器人的运动范围.cpp">
      <Filter>源文件</Filter>
    </ClCompile>
    <ClCompile Include="14.1剪绳子.cpp">
      <Filter>源文件</Filter>
    </ClCompile>
    <ClCompile Include="15.二进制中1的个数.cpp">
      <Filter>源文件</Filter>
    </ClCompile>
    <ClCompile Include="16.数值的整数次方.cpp">
      <Filter>源文件</Filter>
    </ClCompile>
    <ClCompile Include="17.打印从1到最大的n位数.cpp">
      <Filter>源文件</Filter>
    </ClCompile>
    <ClCompile Include="18.删除链表的节点.cpp">
      <Filter>源文件</Filter>
    </ClCompile>
    <ClCompile Include="19.正则表达式的匹配.cpp">
      <Filter>源文件</Filter>
    </ClCompile>
    <ClCompile Include="20.表示数值的字符串.cpp">
      <Filter>源文件</Filter>
    </ClCompile>
    <ClCompile Include="21.调整数组顺序使奇数位于偶数前面.cpp">
      <Filter>源文件</Filter>
    </ClCompile>
    <ClCompile Include="22.链表中倒数第k个节点.cpp">
      <Filter>源文件</Filter>
    </ClCompile>
    <ClCompile Include="24.反转链表.cpp">
      <Filter>源文件</Filter>
    </ClCompile>
    <ClCompile Include="25.合并两个排序的链表.cpp">
      <Filter>源文件</Filter>
    </ClCompile>
    <ClCompile Include="26.树的子结构.cpp">
      <Filter>源文件</Filter>
    </ClCompile>
    <ClCompile Include="27.二叉树的镜像.cpp">
      <Filter>源文件</Filter>
    </ClCompile>
    <ClCompile Include="28.对称的二叉树.cpp">
      <Filter>源文件</Filter>
    </ClCompile>
    <ClCompile Include="29.顺时针打印矩阵.cpp">
      <Filter>源文件</Filter>
    </ClCompile>
    <ClCompile Include="30.包含min函数的栈.cpp">
      <Filter>源文件</Filter>
    </ClCompile>
    <ClCompile Include="31.栈的压入弹出序列.cpp">
      <Filter>源文件</Filter>
    </ClCompile>
    <ClCompile Include="32.1从上往下打印二叉树.cpp">
      <Filter>源文件</Filter>
    </ClCompile>
    <ClCompile Include="32.2从上到下打印二叉树 II.cpp">
      <Filter>源文件</Filter>
    </ClCompile>
    <ClCompile Include="32.3从上到下打印二叉树 III.cpp">
      <Filter>源文件</Filter>
    </ClCompile>
    <ClCompile Include="33.二叉搜索树的后序遍历.cpp">
      <Filter>源文件</Filter>
    </ClCompile>
    <ClCompile Include="34.二叉树中和为某一值的路径.cpp">
      <Filter>源文件</Filter>
    </ClCompile>
    <ClCompile Include="35.复杂链表的复制.cpp">
      <Filter>源文件</Filter>
    </ClCompile>
    <ClCompile Include="36.二叉搜索树与双向链表.cpp">
      <Filter>源文件</Filter>
    </ClCompile>
    <ClCompile Include="37.序列化二叉树.cpp">
      <Filter>源文件</Filter>
    </ClCompile>
    <ClCompile Include="38.字符串的排列.cpp">
      <Filter>源文件</Filter>
    </ClCompile>
    <ClCompile Include="39.数组中出现次数超过一半的数字.cpp">
      <Filter>源文件</Filter>
    </ClCompile>
    <ClCompile Include="40.最小的k个数.cpp">
      <Filter>源文件</Filter>
    </ClCompile>
    <ClCompile Include="41.数据流中的中位数.cpp">
      <Filter>源文件</Filter>
    </ClCompile>
    <ClCompile Include="42.连续子数组的最大和.cpp">
      <Filter>源文件</Filter>
    </ClCompile>
    <ClCompile Include="44.数字序列中某一位的数字.cpp">
      <Filter>源文件</Filter>
    </ClCompile>
    <ClCompile Include="45.把数组排成最小的数.cpp">
      <Filter>源文件</Filter>
    </ClCompile>
    <ClCompile Include="46.把数字翻译成字符串.cpp">
      <Filter>源文件</Filter>
    </ClCompile>
    <ClCompile Include="47.礼物的最大价值.cpp">
      <Filter>源文件</Filter>
    </ClCompile>
    <ClCompile Include="48.最长不含重复字符的子字符串.cpp">
      <Filter>源文件</Filter>
    </ClCompile>
    <ClCompile Include="49.丑数.cpp">
      <Filter>源文件</Filter>
    </ClCompile>
    <ClCompile Include="50.第一个只出现一次的字符.cpp">
      <Filter>源文件</Filter>
    </ClCompile>
    <ClCompile Include="51.数组中的逆序对.cpp">
      <Filter>源文件</Filter>
    </ClCompile>
    <ClCompile Include="52.两个链表的第一个公共节点.cpp">
      <Filter>源文件</Filter>
    </ClCompile>
    <ClCompile Include="53.1在排序数组中查找数字.cpp">
      <Filter>源文件</Filter>
    </ClCompile>
    <ClCompile Include="54.二叉搜索树的第k大节点.cpp">
      <Filter>源文件</Filter>
    </ClCompile>
    <ClCompile Include="55.1二叉树的深度.cpp">
      <Filter>源文件</Filter>
    </ClCompile>
    <ClCompile Include="55.2平衡二叉树.cpp">
      <Filter>源文件</Filter>
    </ClCompile>
    <ClCompile Include="56.1数组中数字出现的次数.cpp">
      <Filter>源文件</Filter>
    </ClCompile>
    <ClCompile Include="56.2数组中数字出现的次数 II.cpp">
      <Filter>源文件</Filter>
    </ClCompile>
    <ClCompile Include="57.1和为s的两个数字.cpp">
      <Filter>源文件</Filter>
    </ClCompile>
    <ClCompile Include="57.2和为s的连续正数序列.cpp">
      <Filter>源文件</Filter>
    </ClCompile>
    <ClCompile Include="58.1翻转单词顺序.cpp">
      <Filter>源文件</Filter>
    </ClCompile>
    <ClCompile Include="58.2左旋转字符串.cpp">
      <Filter>源文件</Filter>
    </ClCompile>
    <ClCompile Include="59.1滑动窗口的最大值.cpp">
      <Filter>源文件</Filter>
    </ClCompile>
    <ClCompile Include="59.2队列的最大值.cpp">
      <Filter>源文件</Filter>
    </ClCompile>
    <ClCompile Include="61.扑克牌中的顺子.cpp">
      <Filter>源文件</Filter>
    </ClCompile>
    <ClCompile Include="60.n个骰子的点数.cpp">
      <Filter>源文件</Filter>
    </ClCompile>
    <ClCompile Include="62.圆圈中最后剩下的数字.cpp">
      <Filter>源文件</Filter>
    </ClCompile>
    <ClCompile Include="63.股票的最大利润.cpp">
      <Filter>源文件</Filter>
    </ClCompile>
    <ClCompile Include="64.求1+2+3+...+n.cpp">
      <Filter>源文件</Filter>
    </ClCompile>
    <ClCompile Include="65.不用加减乘除做加法.cpp">
      <Filter>源文件</Filter>
    </ClCompile>
    <ClCompile Include="66.构建乘积数组.cpp">
      <Filter>源文件</Filter>
    </ClCompile>
    <ClCompile Include="67.把字符串转换成整数.cpp">
      <Filter>源文件</Filter>
    </ClCompile>
    <ClCompile Include="68.2二叉树的最近公共祖先.cpp">
      <Filter>源文件</Filter>
    </ClCompile>
    <ClCompile Include="69.二叉树中序遍历的下一个节点.cpp">
      <Filter>源文件</Filter>
    </ClCompile>
    <ClCompile Include="70.矩形覆盖.cpp">
      <Filter>源文件</Filter>
    </ClCompile>
    <ClCompile Include="71.链表中环的入口节点.cpp">
      <Filter>源文件</Filter>
    </ClCompile>
    <ClCompile Include="72.删除链表中重复的节点.cpp">
      <Filter>源文件</Filter>
    </ClCompile>
    <ClCompile Include="14.2剪绳子 II.cpp">
      <Filter>源文件</Filter>
    </ClCompile>
    <ClCompile Include="68.1二叉搜索树的最近公共祖先.cpp">
      <Filter>源文件</Filter>
    </ClCompile>
    <ClCompile Include="53.2找出0～n-1中缺失的数字.cpp">
      <Filter>源文件</Filter>
    </ClCompile>
    <ClCompile Include="43.统计1 ~ n整数中1出现的次数.cpp">
      <Filter>源文件</Filter>
    </ClCompile>
    <ClCompile Include="II 002.二进制加法.cpp">
      <Filter>源文件</Filter>
    </ClCompile>
    <ClCompile Include="II 001.整数除法.cpp">
      <Filter>源文件</Filter>
    </ClCompile>
    <ClCompile Include="II 003.前n个数字二进制中1的个数.cpp">
      <Filter>源文件</Filter>
    </ClCompile>
    <ClCompile Include="II 007.数组中和为0的三个数.cpp">
      <Filter>源文件</Filter>
    </ClCompile>
    <ClCompile Include="II 008.和大于等于target的最短子数组.cpp">
      <Filter>源文件</Filter>
    </ClCompile>
    <ClCompile Include="II 009.乘积小于K的子数组.cpp">
      <Filter>源文件</Filter>
    </ClCompile>
    <ClCompile Include="II 004.只出现一次的数字.cpp">
      <Filter>源文件</Filter>
    </ClCompile>
    <ClCompile Include="II 010.和为k的子数组.cpp">
      <Filter>源文件</Filter>
    </ClCompile>
    <ClCompile Include="II 014.字符串中的变位词.cpp">
      <Filter>源文件</Filter>
    </ClCompile>
    <ClCompile Include="II 015.字符串中的所有变位词.cpp">
      <Filter>源文件</Filter>
    </ClCompile>
    <ClCompile Include="II 022.链表中环的入口节点.cpp">
      <Filter>源文件</Filter>
    </ClCompile>
    <ClCompile Include="II 021.删除链表的倒数第n个结点.cpp">
      <Filter>源文件</Filter>
    </ClCompile>
    <ClCompile Include="II 016.不含重复字符的最长子字符串.cpp">
      <Filter>源文件</Filter>
    </ClCompile>
    <ClCompile Include="II 023.两个链表的第一个重合节点.cpp">
      <Filter>源文件</Filter>
    </ClCompile>
    <ClCompile Include="II 024.反转链表.cpp">
      <Filter>源文件</Filter>
    </ClCompile>
    <ClCompile Include="II 025.链表中的两数相加.cpp">
      <Filter>源文件</Filter>
    </ClCompile>
    <ClCompile Include="II 074.合并区间.cpp">
      <Filter>源文件</Filter>
    </ClCompile>
    <ClCompile Include="II 030.插入、删除和随机访问都是 O(1) 的容器.cpp">
      <Filter>源文件</Filter>
    </ClCompile>
    <ClCompile Include="II 031.最近最少使用缓存.cpp">
      <Filter>源文件</Filter>
    </ClCompile>
    <ClCompile Include="II 032.有效的变位词.cpp">
      <Filter>源文件</Filter>
    </ClCompile>
    <ClCompile Include="II 026.重排链表.cpp">
      <Filter>源文件</Filter>
    </ClCompile>
    <ClCompile Include="II 027.回文链表.cpp">
      <Filter>源文件</Filter>
    </ClCompile>
    <ClCompile Include="II 028.展平多级双向链表.cpp">
      <Filter>源文件</Filter>
    </ClCompile>
    <ClCompile Include="II 029.排序的循环链表.cpp">
      <Filter>源文件</Filter>
    </ClCompile>
    <ClCompile Include="II 075.数组相对排序.cpp">
      <Filter>源文件</Filter>
    </ClCompile>
    <ClCompile Include="II 044.二叉树每层的最大值.cpp">
      <Filter>源文件</Filter>
    </ClCompile>
    <ClCompile Include="II 045.二叉树最底层最左边的值.cpp">
      <Filter>源文件</Filter>
    </ClCompile>
    <ClCompile Include="II 041.滑动窗口的平均值.cpp">
      <Filter>源文件</Filter>
    </ClCompile>
  </ItemGroup>
</Project>